dependencies:
  espressif/esp-dsp:
    component_hash: ed9ac175b14e0414399a2b33c525579414b5bad19a2a67b12ea212def96f9a98
    dependencies:
    - name: idf
      require: private
      version: '>=4.2'
    source:
      registry_url: https://components.espressif.com/
      type: service
    version: 1.8.2
  idf:
    source:
      type: idf
    version: 6.0.1
direct_dependencies:
- espressif/esp-dsp
- idf
manifest_hash: 2cdbc4676f42483f5202ff91b3a20acc862397df5c86f3b8b3faf7549823f348
target: esp32
version: 3.0.0
